{
  "lockfile_version": "1",
  "packages": {
    "just@latest": {
      "last_modified": "2025-02-07T11:26:36Z",
      "resolved": "github:NixOS/nixpkgs/d98abf5cf5914e5e4e9d57205e3af55ca90ffc1d#just",
      "source": "devbox-search",
      "version": "1.39.0",
      "systems": {
        "aarch64-darwin": {
          "outputs": [
            {
              "name": "out",
              "path": "/nix/store/7bn46fl2hqjim960bgf5mx00xrypnasb-just-1.39.0",
              "default": true
            },
            {
              "name": "man",
              "path": "/nix/store/ydyky07sc2aq6al94ncmyrj9dzgylzpw-just-1.39.0-man",
              "default": true
            },
            {
              "name": "doc",
              "path": "/nix/store/n2h7g1pvnl50l1c0mnwlw6ychvjr7d3f-just-1.39.0-doc"
            }
          ],
          "store_path": "/nix/store/7bn46fl2hqjim960bgf5mx00xrypnasb-just-1.39.0"
        },
        "aarch64-linux": {
          "outputs": [
            {
              "name": "out",
              "path": "/nix/store/c81p578r4qgcxpd1v8iy0g1zpp5zvala-just-1.39.0",
              "default": true
            },
            {
              "name": "man",
              "path": "/nix/store/xyj23wacamprbqgfz7hbmn3aaghnkph3-just-1.39.0-man",
              "default": true
            },
            {
              "name": "doc",
              "path": "/nix/store/9h788ccn90mzpd3ljf81l7zfn4rgf0sm-just-1.39.0-doc"
            }
          ],
          "store_path": "/nix/store/c81p578r4qgcxpd1v8iy0g1zpp5zvala-just-1.39.0"
        },
        "x86_64-darwin": {
          "outputs": [
            {
              "name": "out",
              "path": "/nix/store/a9c2m24hznpx15z31d9sv9v4pwc3v5yw-just-1.39.0",
              "default": true
            },
            {
              "name": "man",
              "path": "/nix/store/xzsnsx2wkc1si0yylkhlr827qypdag58-just-1.39.0-man",
              "default": true
            },
            {
              "name": "doc",
              "path": "/nix/store/qvpzazymr1h2hp8ap0gamak6xj476vg5-just-1.39.0-doc"
            }
          ],
          "store_path": "/nix/store/a9c2m24hznpx15z31d9sv9v4pwc3v5yw-just-1.39.0"
        },
        "x86_64-linux": {
          "outputs": [
            {
              "name": "out",
              "path": "/nix/store/zl4v9j9ir2pv9j344ibn58cf1sgwiz3i-just-1.39.0",
              "default": true
            },
            {
              "name": "man",
              "path": "/nix/store/4drvdrkg0wh881rzzfp4ad33nppcfcpd-just-1.39.0-man",
              "default": true
            },
            {
              "name": "doc",
              "path": "/nix/store/7ny7c6g1yhavs0z5hlwmgss4r04wwkx8-just-1.39.0-doc"
            }
          ],
          "store_path": "/nix/store/zl4v9j9ir2pv9j344ibn58cf1sgwiz3i-just-1.39.0"
        }
      }
    },
    "tenv@latest": {
      "last_modified": "2025-02-07T11:26:36Z",
      "resolved": "github:NixOS/nixpkgs/d98abf5cf5914e5e4e9d57205e3af55ca90ffc1d#tenv",
      "source": "devbox-search",
      "version": "4.1.0",
      "systems": {
        "aarch64-darwin": {
          "outputs": [
            {
              "name": "out",
              "path": "/nix/store/04f0sc3hcza1s3qlm8q6ijwwjxcl7dcj-tenv-4.1.0",
              "default": true
            }
          ],
          "store_path": "/nix/store/04f0sc3hcza1s3qlm8q6ijwwjxcl7dcj-tenv-4.1.0"
        },
        "aarch64-linux": {
          "outputs": [
            {
              "name": "out",
              "path": "/nix/store/7a8qhipsrqpgsq7afyf602ppb60z2slj-tenv-4.1.0",
              "default": true
            }
          ],
          "store_path": "/nix/store/7a8qhipsrqpgsq7afyf602ppb60z2slj-tenv-4.1.0"
        },
        "x86_64-darwin": {
          "outputs": [
            {
              "name": "out",
              "path": "/nix/store/plp58mk98rzrv6v7qfbsb7ibsxaganc0-tenv-4.1.0",
              "default": true
            }
          ],
          "store_path": "/nix/store/plp58mk98rzrv6v7qfbsb7ibsxaganc0-tenv-4.1.0"
        },
        "x86_64-linux": {
          "outputs": [
            {
              "name": "out",
              "path": "/nix/store/awzm82py4wd9nlx38s7i6xyzsyhawws4-tenv-4.1.0",
              "default": true
            }
          ],
          "store_path": "/nix/store/awzm82py4wd9nlx38s7i6xyzsyhawws4-tenv-4.1.0"
        }
      }
    },
    "tflint@latest": {
      "last_modified": "2025-02-07T11:26:36Z",
      "resolved": "github:NixOS/nixpkgs/d98abf5cf5914e5e4e9d57205e3af55ca90ffc1d#tflint",
      "source": "devbox-search",
      "version": "0.55.1",
      "systems": {
        "aarch64-darwin": {
          "outputs": [
            {
              "name": "out",
              "path": "/nix/store/68211bisbjwja8k9y2m25a1mpwzg8qkl-tflint-0.55.1",
              "default": true
            }
          ],
          "store_path": "/nix/store/68211bisbjwja8k9y2m25a1mpwzg8qkl-tflint-0.55.1"
        },
        "aarch64-linux": {
          "outputs": [
            {
              "name": "out",
              "path": "/nix/store/0j1gmqwj26f77rv7v7fcq5f1l8fijjwg-tflint-0.55.1",
              "default": true
            }
          ],
          "store_path": "/nix/store/0j1gmqwj26f77rv7v7fcq5f1l8fijjwg-tflint-0.55.1"
        },
        "x86_64-darwin": {
          "outputs": [
            {
              "name": "out",
              "path": "/nix/store/9sxdfdzhd3v400xir7apm5lqc4yx6wk3-tflint-0.55.1",
              "default": true
            }
          ],
          "store_path": "/nix/store/9sxdfdzhd3v400xir7apm5lqc4yx6wk3-tflint-0.55.1"
        },
        "x86_64-linux": {
          "outputs": [
            {
              "name": "out",
              "path": "/nix/store/l0w06x7r6c419mxc4xdm954j7rlm7xvp-tflint-0.55.1",
              "default": true
            }
          ],
          "store_path": "/nix/store/l0w06x7r6c419mxc4xdm954j7rlm7xvp-tflint-0.55.1"
        }
      }
    }
  }
}
